// !$*UTF8*$!
{
	archiveVersion = 1;
	classes = {
	};
	objectVersion = 46;
	objects = {

/* Begin PBXBuildFile section */
		AFC4B70E1B491E4B005D2474 /* AppDelegate.swift in Sources */ = {isa = PBXBuildFile; fileRef = AFC4B70D1B491E4B005D2474 /* AppDelegate.swift */; };
		AFC4B7121B491E4B005D2474 /* TurtleScene.swift in Sources */ = {isa = PBXBuildFile; fileRef = AFC4B7111B491E4B005D2474 /* TurtleScene.swift */; };
		AFC4B7141B491E4B005D2474 /* GameViewController.swift in Sources */ = {isa = PBXBuildFile; fileRef = AFC4B7131B491E4B005D2474 /* GameViewController.swift */; };
		AFC4B7171B491E4B005D2474 /* Main.storyboard in Resources */ = {isa = PBXBuildFile; fileRef = AFC4B7151B491E4B005D2474 /* Main.storyboard */; };
		AFC4B7191B491E4B005D2474 /* Images.xcassets in Resources */ = {isa = PBXBuildFile; fileRef = AFC4B7181B491E4B005D2474 /* Images.xcassets */; };
		AFC4B71C1B491E4B005D2474 /* LaunchScreen.xib in Resources */ = {isa = PBXBuildFile; fileRef = AFC4B71A1B491E4B005D2474 /* LaunchScreen.xib */; };
/* End PBXBuildFile section */

/* Begin PBXFileReference section */
		AFC4B7081B491E4B005D2474 /* Tinkertofu.app */ = {isa = PBXFileReference; explicitFileType = wrapper.application; includeInIndex = 0; path = Tinkertofu.app; sourceTree = BUILT_PRODUCTS_DIR; };
		AFC4B70C1B491E4B005D2474 /* Info.plist */ = {isa = PBXFileReference; lastKnownFileType = text.plist.xml; path = Info.plist; sourceTree = "<group>"; };
		AFC4B70D1B491E4B005D2474 /* AppDelegate.swift */ = {isa = PBXFileReference; lastKnownFileType = sourcecode.swift; path = AppDelegate.swift; sourceTree = "<group>"; };
		AFC4B7111B491E4B005D2474 /* TurtleScene.swift */ = {isa = PBXFileReference; lastKnownFileType = sourcecode.swift; path = TurtleScene.swift; sourceTree = "<group>"; };
		AFC4B7131B491E4B005D2474 /* GameViewController.swift */ = {isa = PBXFileReference; lastKnownFileType = sourcecode.swift; path = GameViewController.swift; sourceTree = "<group>"; };
		AFC4B7161B491E4B005D2474 /* Base */ = {isa = PBXFileReference; lastKnownFileType = file.storyboard; name = Base; path = Base.lproj/Main.storyboard; sourceTree = "<group>"; };
		AFC4B7181B491E4B005D2474 /* Images.xcassets */ = {isa = PBXFileReference; lastKnownFileType = folder.assetcatalog; path = Images.xcassets; sourceTree = "<group>"; };
		AFC4B71B1B491E4B005D2474 /* Base */ = {isa = PBXFileReference; lastKnownFileType = file.xib; name = Base; path = Base.lproj/LaunchScreen.xib; sourceTree = "<group>"; };
/* End PBXFileReference section */

/* Begin PBXFrameworksBuildPhase section */
		AFC4B7051B491E4B005D2474 /* Frameworks */ = {
			isa = PBXFrameworksBuildPhase;
			buildActionMask = 2147483647;
			files = (
			);
			runOnlyForDeploymentPostprocessing = 0;
		};
/* End PBXFrameworksBuildPhase section */

/* Begin PBXGroup section */
		AFC4B6FF1B491E4B005D2474 = {
			isa = PBXGroup;
			children = (
				AFC4B70A1B491E4B005D2474 /* Tinkertofu */,
				AFC4B7091B491E4B005D2474 /* Products */,
			);
			sourceTree = "<group>";
		};
		AFC4B7091B491E4B005D2474 /* Products */ = {
			isa = PBXGroup;
			children = (
				AFC4B7081B491E4B005D2474 /* Tinkertofu.app */,
			);
			name = Products;
			sourceTree = "<group>";
		};
		AFC4B70A1B491E4B005D2474 /* Tinkertofu */ = {
			isa = PBXGroup;
			children = (
				AFC4B70D1B491E4B005D2474 /* AppDelegate.swift */,
				AFC4B7111B491E4B005D2474 /* TurtleScene.swift */,
				AFC4B7131B491E4B005D2474 /* GameViewController.swift */,
				AFC4B7151B491E4B005D2474 /* Main.storyboard */,
				AFC4B7181B491E4B005D2474 /* Images.xcassets */,
				AFC4B71A1B491E4B005D2474 /* LaunchScreen.xib */,
				AFC4B70B1B491E4B005D2474 /* Supporting Files */,
			);
			path = Tinkertofu;
			sourceTree = "<group>";
		};
		AFC4B70B1B491E4B005D2474 /* Supporting Files */ = {
			isa = PBXGroup;
			children = (
				AFC4B70C1B491E4B005D2474 /* Info.plist */,
			);
			name = "Supporting Files";
			sourceTree = "<group>";
		};
/* End PBXGroup section */

/* Begin PBXNativeTarget section */
		AFC4B7071B491E4B005D2474 /* Tinkertofu */ = {
			isa = PBXNativeTarget;
			buildConfigurationList = AFC4B72B1B491E4B005D2474 /* Build configuration list for PBXNativeTarget "Tinkertofu" */;
			buildPhases = (
				AFC4B7041B491E4B005D2474 /* Sources */,
				AFC4B7051B491E4B005D2474 /* Frameworks */,
				AFC4B7061B491E4B005D2474 /* Resources */,
			);
			buildRules = (
			);
			dependencies = (
			);
			name = Tinkertofu;
			productName = Tinkertofu;
			productReference = AFC4B7081B491E4B005D2474 /* Tinkertofu.app */;
			productType = "com.apple.product-type.application";
		};
/* End PBXNativeTarget section */

/* Begin PBXProject section */
		AFC4B7001B491E4B005D2474 /* Project object */ = {
			isa = PBXProject;
			attributes = {
				LastUpgradeCheck = 0640;
				ORGANIZATIONNAME = Tinkercademy;
				TargetAttributes = {
					AFC4B7071B491E4B005D2474 = {
						CreatedOnToolsVersion = 6.4;
					};
				};
			};
			buildConfigurationList = AFC4B7031B491E4B005D2474 /* Build configuration list for PBXProject "Tinkertofu" */;
			compatibilityVersion = "Xcode 3.2";
			developmentRegion = English;
			hasScannedForEncodings = 0;
			knownRegions = (
				en,
				Base,
			);
			mainGroup = AFC4B6FF1B491E4B005D2474;
			productRefGroup = AFC4B7091B491E4B005D2474 /* Products */;
			projectDirPath = "";
			projectRoot = "";
			targets = (
				AFC4B7071B491E4B005D2474 /* Tinkertofu */,
			);
		};
/* End PBXProject section */

/* Begin PBXResourcesBuildPhase section */
		AFC4B7061B491E4B005D2474 /* Resources */ = {
			isa = PBXResourcesBuildPhase;
			buildActionMask = 2147483647;
			files = (
				AFC4B71C1B491E4B005D2474 /* LaunchScreen.xib in Resources */,
				AFC4B7191B491E4B005D2474 /* Images.xcassets in Resources */,
				AFC4B7171B491E4B005D2474 /* Main.storyboard in Resources */,
			);
			runOnlyForDeploymentPostprocessing = 0;
		};
/* End PBXResourcesBuildPhase section */

/* Begin PBXSourcesBuildPhase section */
		AFC4B7041B491E4B005D2474 /* Sources */ = {
			isa = PBXSourcesBuildPhase;
			buildActionMask = 2147483647;
			files = (
				AFC4B7121B491E4B005D2474 /* TurtleScene.swift in Sources */,
				AFC4B7141B491E4B005D2474 /* GameViewController.swift in Sources */,
				AFC4B70E1B491E4B005D2474 /* AppDelegate.swift in Sources */,
			);
			runOnlyForDeploymentPostprocessing = 0;
		};
/* End PBXSourcesBuildPhase section */

/* Begin PBXVariantGroup section */
		AFC4B7151B491E4B005D2474 /* Main.storyboard */ = {
			isa = PBXVariantGroup;
			children = (
				AFC4B7161B491E4B005D2474 /* Base */,
			);
			name = Main.storyboard;
			sourceTree = "<group>";
		};
		AFC4B71A1B491E4B005D2474 /* LaunchScreen.xib */ = {
			isa = PBXVariantGroup;
			children = (
				AFC4B71B1B491E4B005D2474 /* Base */,
			);
			name = LaunchScreen.xib;
			sourceTree = "<group>";
		};
/* End PBXVariantGroup section */

/* Begin XCBuildConfiguration section */
		AFC4B7291B491E4B005D2474 /* Debug */ = {
			isa = XCBuildConfiguration;
			buildSettings = {
				ALWAYS_SEARCH_USER_PATHS = NO;
				CLANG_CXX_LANGUAGE_STANDARD = "gnu++0x";
				CLANG_CXX_LIBRARY = "libc++";
				CLANG_ENABLE_MODULES = YES;
				CLANG_ENABLE_OBJC_ARC = YES;
				CLANG_WARN_BOOL_CONVERSION = YES;
				CLANG_WARN_CONSTANT_CONVERSION = YES;
				CLANG_WARN_DIRECT_OBJC_ISA_USAGE = YES_ERROR;
				CLANG_WARN_EMPTY_BODY = YES;
				CLANG_WARN_ENUM_CONVERSION = YES;
				CLANG_WARN_INT_CONVERSION = YES;
				CLANG_WARN_OBJC_ROOT_CLASS = YES_ERROR;
				CLANG_WARN_UNREACHABLE_CODE = YES;
				CLANG_WARN__DUPLICATE_METHOD_MATCH = YES;
				"CODE_SIGN_IDENTITY[sdk=iphoneos*]" = "iPhone Developer";
				COPY_PHASE_STRIP = NO;
				DEBUG_INFORMATION_FORMAT = "dwarf-with-dsym";
				ENABLE_STRICT_OBJC_MSGSEND = YES;
				GCC_C_LANGUAGE_STANDARD = gnu99;
				GCC_DYNAMIC_NO_PIC = NO;
				GCC_NO_COMMON_BLOCKS = YES;
				GCC_OPTIMIZATION_LEVEL = 0;
				GCC_PREPROCESSOR_DEFINITIONS = (
					"DEBUG=1",
					"$(inherited)",
				);
				GCC_SYMBOLS_PRIVATE_EXTERN = NO;
				GCC_WARN_64_TO_32_BIT_CONVERSION = YES;
				GCC_WARN_ABOUT_RETURN_TYPE = YES_ERROR;
				GCC_WARN_UNDECLARED_SELECTOR = YES;
				GCC_WARN_UNINITIALIZED_AUTOS = YES_AGGRESSIVE;
				GCC_WARN_UNUSED_FUNCTION = YES;
				GCC_WARN_UNUSED_VARIABLE = YES;
				IPHONEOS_DEPLOYMENT_TARGET = 8.4;
				MTL_ENABLE_DEBUG_INFO = YES;
				ONLY_ACTIVE_ARCH = YES;
				SDKROOT = iphoneos;
				SWIFT_OPTIMIZATION_LEVEL = "-Onone";
				TARGETED_DEVICE_FAMILY = 2;
			};
			name = Debug;
		};
		AFC4B72A1B491E4B005D2474 /* Release */ = {
			isa = XCBuildConfiguration;
			buildSettings = {
				ALWAYS_SEARCH_USER_PATHS = NO;
				CLANG_CXX_LANGUAGE_STANDARD = "gnu++0x";
				CLANG_CXX_LIBRARY = "libc++";
				CLANG_ENABLE_MODULES = YES;
				CLANG_ENABLE_OBJC_ARC = YES;
				CLANG_WARN_BOOL_CONVERSION = YES;
				CLANG_WARN_CONSTANT_CONVERSION = YES;
				CLANG_WARN_DIRECT_OBJC_ISA_USAGE = YES_ERROR;
				CLANG_WARN_EMPTY_BODY = YES;
				CLANG_WARN_ENUM_CONVERSION = YES;
				CLANG_WARN_INT_CONVERSION = YES;
				CLANG_WARN_OBJC_ROOT_CLASS = YES_ERROR;
				CLANG_WARN_UNREACHABLE_CODE = YES;
				CLANG_WARN__DUPLICATE_METHOD_MATCH = YES;
				"CODE_SIGN_IDENTITY[sdk=iphoneos*]" = "iPhone Developer";
				COPY_PHASE_STRIP = NO;
				DEBUG_INFORMATION_FORMAT = "dwarf-with-dsym";
				ENABLE_NS_ASSERTIONS = NO;
				ENABLE_STRICT_OBJC_MSGSEND = YES;
				GCC_C_LANGUAGE_STANDARD = gnu99;
				GCC_NO_COMMON_BLOCKS = YES;
				GCC_WARN_64_TO_32_BIT_CONVERSION = YES;
				GCC_WARN_ABOUT_RETURN_TYPE = YES_ERROR;
				GCC_WARN_UNDECLARED_SELECTOR = YES;
				GCC_WARN_UNINITIALIZED_AUTOS = YES_AGGRESSIVE;
				GCC_WARN_UNUSED_FUNCTION = YES;
				GCC_WARN_UNUSED_VARIABLE = YES;
				IPHONEOS_DEPLOYMENT_TARGET = 8.4;
				MTL_ENABLE_DEBUG_INFO = NO;
				SDKROOT = iphoneos;
				TARGETED_DEVICE_FAMILY = 2;
				VALIDATE_PRODUCT = YES;
			};
			name = Release;
		};
		AFC4B72C1B491E4B005D2474 /* Debug */ = {
			isa = XCBuildConfiguration;
			buildSettings = {
				ASSETCATALOG_COMPILER_APPICON_NAME = AppIcon;
				INFOPLIST_FILE = Tinkertofu/Info.plist;
				LD_RUNPATH_SEARCH_PATHS = "$(inherited) @executable_path/Frameworks";
				PRODUCT_NAME = "$(TARGET_NAME)";
			};
			name = Debug;
		};
		AFC4B72D1B491E4B005D2474 /* Release */ = {
			isa = XCBuildConfiguration;
			buildSettings = {
				ASSETCATALOG_COMPILER_APPICON_NAME = AppIcon;
				INFOPLIST_FILE = Tinkertofu/Info.plist;
				LD_RUNPATH_SEARCH_PATHS = "$(inherited) @executable_path/Frameworks";
				PRODUCT_NAME = "$(TARGET_NAME)";
			};
			name = Release;
		};
/* End XCBuildConfiguration section */

/* Begin XCConfigurationList section */
		AFC4B7031B491E4B005D2474 /* Build configuration list for PBXProject "Tinkertofu" */ = {
			isa = XCConfigurationList;
			buildConfigurations = (
				AFC4B7291B491E4B005D2474 /* Debug */,
				AFC4B72A1B491E4B005D2474 /* Release */,
			);
			defaultConfigurationIsVisible = 0;
			defaultConfigurationName = Release;
		};
		AFC4B72B1B491E4B005D2474 /* Build configuration list for PBXNativeTarget "Tinkertofu" */ = {
			isa = XCConfigurationList;
			buildConfigurations = (
				AFC4B72C1B491E4B005D2474 /* Debug */,
				AFC4B72D1B491E4B005D2474 /* Release */,
			);
			defaultConfigurationIsVisible = 0;
			defaultConfigurationName = Release;
		};
/* End XCConfigurationList section */
	};
	rootObject = AFC4B7001B491E4B005D2474 /* Project object */;
}
